
Microsoft Visual Studio Solution File, Format Version 12.00
# Visual Studio Version 17
VisualStudioVersion = 17.12.35506.116 d17.12
MinimumVisualStudioVersion = 10.0.40219.1
Project("{FAE04EC0-301F-11D3-BF4B-00C04F79EFBC}") = "kishur", "kishur\kishur.csproj", "{725489B9-02DE-48A3-83B1-57236F0CD918}"
EndProject
Project("{FAE04EC0-301F-11D3-BF4B-00C04F79EFBC}") = "kishur.Desktop", "kishur.Desktop\kishur.Desktop.csproj", "{9F612317-C24E-4D1D-9548-2728B96C2363}"
EndProject
Global
	GlobalSection(SolutionConfigurationPlatforms) = preSolution
		Debug|Any CPU = Debug|Any CPU
		Release|Any CPU = Release|Any CPU
	EndGlobalSection
	GlobalSection(ProjectConfigurationPlatforms) = postSolution
		{725489B9-02DE-48A3-83B1-57236F0CD918}.Debug|Any CPU.ActiveCfg = Debug|Any CPU
		{725489B9-02DE-48A3-83B1-57236F0CD918}.Debug|Any CPU.Build.0 = Debug|Any CPU
		{725489B9-02DE-48A3-83B1-57236F0CD918}.Release|Any CPU.ActiveCfg = Release|Any CPU
		{725489B9-02DE-48A3-83B1-57236F0CD918}.Release|Any CPU.Build.0 = Release|Any CPU
		{9F612317-C24E-4D1D-9548-2728B96C2363}.Debug|Any CPU.ActiveCfg = Debug|Any CPU
		{9F612317-C24E-4D1D-9548-2728B96C2363}.Debug|Any CPU.Build.0 = Debug|Any CPU
		{9F612317-C24E-4D1D-9548-2728B96C2363}.Release|Any CPU.ActiveCfg = Release|Any CPU
		{9F612317-C24E-4D1D-9548-2728B96C2363}.Release|Any CPU.Build.0 = Release|Any CPU
	EndGlobalSection
	GlobalSection(SolutionProperties) = preSolution
		HideSolutionNode = FALSE
	EndGlobalSection
EndGlobal
